<?xml version="1.0" encoding="utf-8"?>
<Project ToolsVersion="4.0" xmlns="http://schemas.microsoft.com/developer/msbuild/2003">
  <ItemGroup>
    <Filter Include="core">
      <UniqueIdentifier>{c59ad78d-30ba-4473-b3eb-e7cd38d35e9c}</UniqueIdentifier>
    </Filter>
    <Filter Include="javah">
      <UniqueIdentifier>{c1947c3e-a34a-42a1-ad1b-0473888d6f69}</UniqueIdentifier>
    </Filter>
    <Filter Include="jni">
      <UniqueIdentifier>{3a6e307a-94b0-4125-b571-d9781f986d3f}</UniqueIdentifier>
    </Filter>
    <Filter Include="properties">
      <UniqueIdentifier>{d5d2f6ca-53f9-44cf-afdd-44edc9a80460}</UniqueIdentifier>
    </Filter>
    <Filter Include="signal">
      <UniqueIdentifier>{29eddee1-4617-4455-a11f-f4a36b631627}</UniqueIdentifier>
    </Filter>
    <Filter Include="spectrum">
      <UniqueIdentifier>{408d2b5b-ad17-4c68-8b59-0968b42c3e70}</UniqueIdentifier>
    </Filter>
    <Filter Include="timeseries">
      <UniqueIdentifier>{baa83eae-c19a-4c37-a109-35c9cf1f59e5}</UniqueIdentifier>
    </Filter>
    <Filter Include="wave">
      <UniqueIdentifier>{1a821204-5070-436d-bb94-d078581a5bab}</UniqueIdentifier>
    </Filter>
    <Filter Include="utility">
      <UniqueIdentifier>{692cca94-f6eb-4dec-b15e-d1aa7cf8de4f}</UniqueIdentifier>
    </Filter>
  </ItemGroup>
  <ItemGroup>
    <ClInclude Include="..\..\src\core\byteswap.h">
      <Filter>core</Filter>
    </ClInclude>
    <ClInclude Include="..\..\src\core\datatypeconverter.h">
      <Filter>core</Filter>
    </ClInclude>
    <ClInclude Include="..\..\src\core\fileinfo.h">
      <Filter>core</Filter>
    </ClInclude>
    <ClInclude Include="..\..\src\core\filesource.h">
      <Filter>core</Filter>
    </ClInclude>
    <ClInclude Include="..\..\src\javah\siggui_properties_SampleFormat.h">
      <Filter>javah</Filter>
    </ClInclude>
    <ClInclude Include="..\..\src\javah\siggui_properties_WaveFileProperties.h">
      <Filter>javah</Filter>
    </ClInclude>
    <ClInclude Include="..\..\src\javah\siggui_SigGuiController.h">
      <Filter>javah</Filter>
    </ClInclude>
    <ClInclude Include="..\..\src\javah\siggui_SigGuiNative.h">
      <Filter>javah</Filter>
    </ClInclude>
    <ClInclude Include="..\..\src\javah\siggui_spectrum_SpectrumParameters.h">
      <Filter>javah</Filter>
    </ClInclude>
    <ClInclude Include="..\..\src\javah\siggui_spectrum_SpectrumTask.h">
      <Filter>javah</Filter>
    </ClInclude>
    <ClInclude Include="..\..\src\javah\siggui_timeseries_TimeseriesParameters.h">
      <Filter>javah</Filter>
    </ClInclude>
    <ClInclude Include="..\..\src\javah\siggui_timeseries_TimeseriesTask.h">
      <Filter>javah</Filter>
    </ClInclude>
    <ClInclude Include="..\..\src\jni\jniwrapper.h">
      <Filter>jni</Filter>
    </ClInclude>
    <ClInclude Include="..\..\src\properties\SampleFormat.h">
      <Filter>properties</Filter>
    </ClInclude>
    <ClInclude Include="..\..\src\properties\WaveFileProperties.h">
      <Filter>properties</Filter>
    </ClInclude>
    <ClInclude Include="..\..\src\signal\fft.h">
      <Filter>signal</Filter>
    </ClInclude>
    <ClInclude Include="..\..\src\signal\fftwindows.h">
      <Filter>signal</Filter>
    </ClInclude>
    <ClInclude Include="..\..\src\spectrum\spectrumsink.h">
      <Filter>spectrum</Filter>
    </ClInclude>
    <ClInclude Include="..\..\src\timeseries\timeseriessink.h">
      <Filter>timeseries</Filter>
    </ClInclude>
    <ClInclude Include="..\..\src\utility\math.h">
      <Filter>utility</Filter>
    </ClInclude>
    <ClInclude Include="..\..\src\wave\wavefile.h">
      <Filter>wave</Filter>
    </ClInclude>
    <ClInclude Include="..\..\src\wave\wavefunctions.h">
      <Filter>wave</Filter>
    </ClInclude>
  </ItemGroup>
  <ItemGroup>
    <ClCompile Include="..\..\src\core\datatypeconverter.cpp">
      <Filter>core</Filter>
    </ClCompile>
    <ClCompile Include="..\..\src\core\fileinfo.cpp">
      <Filter>core</Filter>
    </ClCompile>
    <ClCompile Include="..\..\src\core\filesource.cpp">
      <Filter>core</Filter>
    </ClCompile>
    <ClCompile Include="..\..\src\core\sigguinative.cpp">
      <Filter>core</Filter>
    </ClCompile>
    <ClCompile Include="..\..\src\jni\jniwrapper.cpp">
      <Filter>jni</Filter>
    </ClCompile>
    <ClCompile Include="..\..\src\properties\SampleFormat.cpp">
      <Filter>properties</Filter>
    </ClCompile>
    <ClCompile Include="..\..\src\properties\WaveFileProperties.cpp">
      <Filter>properties</Filter>
    </ClCompile>
    <ClCompile Include="..\..\src\signal\fft.cpp">
      <Filter>signal</Filter>
    </ClCompile>
    <ClCompile Include="..\..\src\signal\fftwindows.cpp">
      <Filter>signal</Filter>
    </ClCompile>
    <ClCompile Include="..\..\src\spectrum\spectrumjni.cpp">
      <Filter>spectrum</Filter>
    </ClCompile>
    <ClCompile Include="..\..\src\spectrum\spectrumsink.cpp">
      <Filter>spectrum</Filter>
    </ClCompile>
    <ClCompile Include="..\..\src\timeseries\timeseriesjni.cpp">
      <Filter>timeseries</Filter>
    </ClCompile>
    <ClCompile Include="..\..\src\timeseries\timeseriessink.cpp">
      <Filter>timeseries</Filter>
    </ClCompile>
    <ClCompile Include="..\..\src\wave\wavefile.cpp">
      <Filter>wave</Filter>
    </ClCompile>
    <ClCompile Include="..\..\src\wave\wavefunctions.cpp">
      <Filter>wave</Filter>
    </ClCompile>
  </ItemGroup>
</Project>